
Microsoft Visual Studio Solution File, Format Version 12.00
Project("{FAE04EC0-301F-11D3-BF4B-00C04F79EFBC}") = "Shareholders.Api", "Shareholders.Api\Shareholders.Api.csproj", "{89C0ADC1-A03C-4B4D-BA20-4EB5AB823695}"
EndProject
Project("{FAE04EC0-301F-11D3-BF4B-00C04F79EFBC}") = "Shareholders.Persistence", "Shareholders.Persistence\Shareholders.Persistence.csproj", "{CA2707A5-9240-4607-8CCD-83AD59AA8D75}"
EndProject
Project("{FAE04EC0-301F-11D3-BF4B-00C04F79EFBC}") = "Shareholders.Domain", "Shareholders.Domain\Shareholders.Domain.csproj", "{1C8A5F19-942F-4D07-92A8-790164839647}"
EndProject
Project("{FAE04EC0-301F-11D3-BF4B-00C04F79EFBC}") = "Shareholders.Application", "Shareholders.Application\Shareholders.Application.csproj", "{373F0236-B3DB-4B1C-9E4A-55E9625873DC}"
EndProject
Global
	GlobalSection(SolutionConfigurationPlatforms) = preSolution
		Debug|Any CPU = Debug|Any CPU
		Release|Any CPU = Release|Any CPU
	EndGlobalSection
	GlobalSection(ProjectConfigurationPlatforms) = postSolution
		{89C0ADC1-A03C-4B4D-BA20-4EB5AB823695}.Debug|Any CPU.ActiveCfg = Debug|Any CPU
		{89C0ADC1-A03C-4B4D-BA20-4EB5AB823695}.Debug|Any CPU.Build.0 = Debug|Any CPU
		{89C0ADC1-A03C-4B4D-BA20-4EB5AB823695}.Release|Any CPU.ActiveCfg = Release|Any CPU
		{89C0ADC1-A03C-4B4D-BA20-4EB5AB823695}.Release|Any CPU.Build.0 = Release|Any CPU
		{CA2707A5-9240-4607-8CCD-83AD59AA8D75}.Debug|Any CPU.ActiveCfg = Debug|Any CPU
		{CA2707A5-9240-4607-8CCD-83AD59AA8D75}.Debug|Any CPU.Build.0 = Debug|Any CPU
		{CA2707A5-9240-4607-8CCD-83AD59AA8D75}.Release|Any CPU.ActiveCfg = Release|Any CPU
		{CA2707A5-9240-4607-8CCD-83AD59AA8D75}.Release|Any CPU.Build.0 = Release|Any CPU
		{1C8A5F19-942F-4D07-92A8-790164839647}.Debug|Any CPU.ActiveCfg = Debug|Any CPU
		{1C8A5F19-942F-4D07-92A8-790164839647}.Debug|Any CPU.Build.0 = Debug|Any CPU
		{1C8A5F19-942F-4D07-92A8-790164839647}.Release|Any CPU.ActiveCfg = Release|Any CPU
		{1C8A5F19-942F-4D07-92A8-790164839647}.Release|Any CPU.Build.0 = Release|Any CPU
		{373F0236-B3DB-4B1C-9E4A-55E9625873DC}.Debug|Any CPU.ActiveCfg = Debug|Any CPU
		{373F0236-B3DB-4B1C-9E4A-55E9625873DC}.Debug|Any CPU.Build.0 = Debug|Any CPU
		{373F0236-B3DB-4B1C-9E4A-55E9625873DC}.Release|Any CPU.ActiveCfg = Release|Any CPU
		{373F0236-B3DB-4B1C-9E4A-55E9625873DC}.Release|Any CPU.Build.0 = Release|Any CPU
	EndGlobalSection
EndGlobal
